
Microsoft Visual Studio Solution File, Format Version 10.00
# Visual Studio 2008
Project("{8BC9CEB8-8B4A-11D0-8D11-00A0C91BC942}") = "kwic_mainpro_subr", "KWIC_MainProgram_Subr_ShareData.vcproj", "{397C3A33-0DFC-4946-BE0D-969A8F583F90}"
EndProject
Global
	GlobalSection(SolutionConfigurationPlatforms) = preSolution
		Debug|Win32 = Debug|Win32
		Release|Win32 = Release|Win32
	EndGlobalSection
	GlobalSection(ProjectConfigurationPlatforms) = postSolution
		{397C3A33-0DFC-4946-BE0D-969A8F583F90}.Debug|Win32.ActiveCfg = Debug|Win32
		{397C3A33-0DFC-4946-BE0D-969A8F583F90}.Debug|Win32.Build.0 = Debug|Win32
		{397C3A33-0DFC-4946-BE0D-969A8F583F90}.Release|Win32.ActiveCfg = Release|Win32
		{397C3A33-0DFC-4946-BE0D-969A8F583F90}.Release|Win32.Build.0 = Release|Win32
	EndGlobalSection
	GlobalSection(SolutionProperties) = preSolution
		HideSolutionNode = FALSE
	EndGlobalSection
EndGlobal
